// !$*UTF8*$!
{
	archiveVersion = 1;
	classes = {
	};
	objectVersion = 46;
	objects = {

/* Begin PBXBuildFile section */
		57B2C00E14898316005AE3DD /* main.cpp in Sources */ = {isa = PBXBuildFile; fileRef = 57B2C00D14898316005AE3DD /* main.cpp */; };
		57B2C01014898316005AE3DD /* Hilbert.1 in CopyFiles */ = {isa = PBXBuildFile; fileRef = 57B2C00F14898316005AE3DD /* Hilbert.1 */; };
		57B2C019148AB656005AE3DD /* hilbert.cpp in Sources */ = {isa = PBXBuildFile; fileRef = 57B2C018148AB656005AE3DD /* hilbert.cpp */; };
/* End PBXBuildFile section */

/* Begin PBXCopyFilesBuildPhase section */
		57B2C00714898316005AE3DD /* CopyFiles */ = {
			isa = PBXCopyFilesBuildPhase;
			buildActionMask = 2147483647;
			dstPath = /usr/share/man/man1/;
			dstSubfolderSpec = 0;
			files = (
				57B2C01014898316005AE3DD /* Hilbert.1 in CopyFiles */,
			);
			runOnlyForDeploymentPostprocessing = 1;
		};
/* End PBXCopyFilesBuildPhase section */

/* Begin PBXFileReference section */
		57B2C00914898316005AE3DD /* Hilbert */ = {isa = PBXFileReference; explicitFileType = "compiled.mach-o.executable"; includeInIndex = 0; path = Hilbert; sourceTree = BUILT_PRODUCTS_DIR; };
		57B2C00D14898316005AE3DD /* main.cpp */ = {isa = PBXFileReference; lastKnownFileType = sourcecode.cpp.cpp; path = main.cpp; sourceTree = "<group>"; };
		57B2C00F14898316005AE3DD /* Hilbert.1 */ = {isa = PBXFileReference; lastKnownFileType = text.man; path = Hilbert.1; sourceTree = "<group>"; };
		57B2C018148AB656005AE3DD /* hilbert.cpp */ = {isa = PBXFileReference; fileEncoding = 4; lastKnownFileType = sourcecode.cpp.cpp; path = hilbert.cpp; sourceTree = "<group>"; };
		57B2C01A148AB668005AE3DD /* hilbert.h */ = {isa = PBXFileReference; fileEncoding = 4; lastKnownFileType = sourcecode.c.h; path = hilbert.h; sourceTree = "<group>"; };
/* End PBXFileReference section */

/* Begin PBXFrameworksBuildPhase section */
		57B2C00614898316005AE3DD /* Frameworks */ = {
			isa = PBXFrameworksBuildPhase;
			buildActionMask = 2147483647;
			files = (
			);
			runOnlyForDeploymentPostprocessing = 0;
		};
/* End PBXFrameworksBuildPhase section */

/* Begin PBXGroup section */
		57B2BFFE14898316005AE3DD = {
			isa = PBXGroup;
			children = (
				57B2C00C14898316005AE3DD /* Hilbert */,
				57B2C00A14898316005AE3DD /* Products */,
			);
			sourceTree = "<group>";
		};
		57B2C00A14898316005AE3DD /* Products */ = {
			isa = PBXGroup;
			children = (
				57B2C00914898316005AE3DD /* Hilbert */,
			);
			name = Products;
			sourceTree = "<group>";
		};
		57B2C00C14898316005AE3DD /* Hilbert */ = {
			isa = PBXGroup;
			children = (
				57B2C00D14898316005AE3DD /* main.cpp */,
				57B2C01A148AB668005AE3DD /* hilbert.h */,
				57B2C00F14898316005AE3DD /* Hilbert.1 */,
				57B2C018148AB656005AE3DD /* hilbert.cpp */,
			);
			path = Hilbert;
			sourceTree = "<group>";
		};
/* End PBXGroup section */

/* Begin PBXNativeTarget section */
		57B2C00814898316005AE3DD /* Hilbert */ = {
			isa = PBXNativeTarget;
			buildConfigurationList = 57B2C01314898316005AE3DD /* Build configuration list for PBXNativeTarget "Hilbert" */;
			buildPhases = (
				57B2C00514898316005AE3DD /* Sources */,
				57B2C00614898316005AE3DD /* Frameworks */,
				57B2C00714898316005AE3DD /* CopyFiles */,
			);
			buildRules = (
			);
			dependencies = (
			);
			name = Hilbert;
			productName = Hilbert;
			productReference = 57B2C00914898316005AE3DD /* Hilbert */;
			productType = "com.apple.product-type.tool";
		};
/* End PBXNativeTarget section */

/* Begin PBXProject section */
		57B2C00014898316005AE3DD /* Project object */ = {
			isa = PBXProject;
			attributes = {
				ORGANIZATIONNAME = OSU;
			};
			buildConfigurationList = 57B2C00314898316005AE3DD /* Build configuration list for PBXProject "Hilbert" */;
			compatibilityVersion = "Xcode 3.2";
			developmentRegion = English;
			hasScannedForEncodings = 0;
			knownRegions = (
				en,
			);
			mainGroup = 57B2BFFE14898316005AE3DD;
			productRefGroup = 57B2C00A14898316005AE3DD /* Products */;
			projectDirPath = "";
			projectRoot = "";
			targets = (
				57B2C00814898316005AE3DD /* Hilbert */,
			);
		};
/* End PBXProject section */

/* Begin PBXSourcesBuildPhase section */
		57B2C00514898316005AE3DD /* Sources */ = {
			isa = PBXSourcesBuildPhase;
			buildActionMask = 2147483647;
			files = (
				57B2C00E14898316005AE3DD /* main.cpp in Sources */,
				57B2C019148AB656005AE3DD /* hilbert.cpp in Sources */,
			);
			runOnlyForDeploymentPostprocessing = 0;
		};
/* End PBXSourcesBuildPhase section */

/* Begin XCBuildConfiguration section */
		57B2C01114898316005AE3DD /* Debug */ = {
			isa = XCBuildConfiguration;
			buildSettings = {
				ALWAYS_SEARCH_USER_PATHS = NO;
				ARCHS = "$(ARCHS_STANDARD_64_BIT)";
				COPY_PHASE_STRIP = NO;
				GCC_C_LANGUAGE_STANDARD = gnu99;
				GCC_DYNAMIC_NO_PIC = NO;
				GCC_ENABLE_OBJC_EXCEPTIONS = YES;
				GCC_OPTIMIZATION_LEVEL = 0;
				GCC_PREPROCESSOR_DEFINITIONS = (
					"DEBUG=1",
					"$(inherited)",
				);
				GCC_SYMBOLS_PRIVATE_EXTERN = NO;
				GCC_VERSION = com.apple.compilers.llvm.clang.1_0;
				GCC_WARN_64_TO_32_BIT_CONVERSION = YES;
				GCC_WARN_ABOUT_MISSING_PROTOTYPES = YES;
				GCC_WARN_ABOUT_RETURN_TYPE = YES;
				GCC_WARN_UNUSED_VARIABLE = YES;
				MACOSX_DEPLOYMENT_TARGET = 10.7;
				ONLY_ACTIVE_ARCH = YES;
				SDKROOT = macosx;
			};
			name = Debug;
		};
		57B2C01214898316005AE3DD /* Release */ = {
			isa = XCBuildConfiguration;
			buildSettings = {
				ALWAYS_SEARCH_USER_PATHS = NO;
				ARCHS = "$(ARCHS_STANDARD_64_BIT)";
				COPY_PHASE_STRIP = YES;
				DEBUG_INFORMATION_FORMAT = "dwarf-with-dsym";
				GCC_C_LANGUAGE_STANDARD = gnu99;
				GCC_ENABLE_OBJC_EXCEPTIONS = YES;
				GCC_VERSION = com.apple.compilers.llvm.clang.1_0;
				GCC_WARN_64_TO_32_BIT_CONVERSION = YES;
				GCC_WARN_ABOUT_MISSING_PROTOTYPES = YES;
				GCC_WARN_ABOUT_RETURN_TYPE = YES;
				GCC_WARN_UNUSED_VARIABLE = YES;
				MACOSX_DEPLOYMENT_TARGET = 10.7;
				SDKROOT = macosx;
			};
			name = Release;
		};
		57B2C01414898316005AE3DD /* Debug */ = {
			isa = XCBuildConfiguration;
			buildSettings = {
				CLANG_CXX_LANGUAGE_STANDARD = "c++0x";
				PRODUCT_NAME = "$(TARGET_NAME)";
			};
			name = Debug;
		};
		57B2C01514898316005AE3DD /* Release */ = {
			isa = XCBuildConfiguration;
			buildSettings = {
				CLANG_CXX_LANGUAGE_STANDARD = "c++0x";
				PRODUCT_NAME = "$(TARGET_NAME)";
			};
			name = Release;
		};
/* End XCBuildConfiguration section */

/* Begin XCConfigurationList section */
		57B2C00314898316005AE3DD /* Build configuration list for PBXProject "Hilbert" */ = {
			isa = XCConfigurationList;
			buildConfigurations = (
				57B2C01114898316005AE3DD /* Debug */,
				57B2C01214898316005AE3DD /* Release */,
			);
			defaultConfigurationIsVisible = 0;
			defaultConfigurationName = Release;
		};
		57B2C01314898316005AE3DD /* Build configuration list for PBXNativeTarget "Hilbert" */ = {
			isa = XCConfigurationList;
			buildConfigurations = (
				57B2C01414898316005AE3DD /* Debug */,
				57B2C01514898316005AE3DD /* Release */,
			);
			defaultConfigurationIsVisible = 0;
			defaultConfigurationName = Release;
		};
/* End XCConfigurationList section */
	};
	rootObject = 57B2C00014898316005AE3DD /* Project object */;
}
